// !$*UTF8*$!
{
	archiveVersion = 1;
	classes = {
	};
	objectVersion = 46;
	objects = {

/* Begin PBXBuildFile section */
		D0E6393E3401ED647FF8FC54 /* libPods-furby-translator.a in Frameworks */ = {isa = PBXBuildFile; fileRef = 2438A1F5F2CCB1C6E30E6752 /* libPods-furby-translator.a */; };
		DC4AFC7F1AE2DADB000B2CC4 /* main.m in Sources */ = {isa = PBXBuildFile; fileRef = DC4AFC7E1AE2DADB000B2CC4 /* main.m */; };
		DC4AFC821AE2DADC000B2CC4 /* FRBAppDelegate.m in Sources */ = {isa = PBXBuildFile; fileRef = DC4AFC811AE2DADC000B2CC4 /* FRBAppDelegate.m */; };
		DC4AFC851AE2DADC000B2CC4 /* FRBViewController.m in Sources */ = {isa = PBXBuildFile; fileRef = DC4AFC841AE2DADC000B2CC4 /* FRBViewController.m */; };
		DC4AFC881AE2DADC000B2CC4 /* Main.storyboard in Resources */ = {isa = PBXBuildFile; fileRef = DC4AFC861AE2DADC000B2CC4 /* Main.storyboard */; };
		DC4AFC8A1AE2DADC000B2CC4 /* Images.xcassets in Resources */ = {isa = PBXBuildFile; fileRef = DC4AFC891AE2DADC000B2CC4 /* Images.xcassets */; };
		DC4AFC8D1AE2DADC000B2CC4 /* LaunchScreen.xib in Resources */ = {isa = PBXBuildFile; fileRef = DC4AFC8B1AE2DADC000B2CC4 /* LaunchScreen.xib */; };
		DC4AFC991AE2DADC000B2CC4 /* furby_translatorTests.m in Sources */ = {isa = PBXBuildFile; fileRef = DC4AFC981AE2DADC000B2CC4 /* furby_translatorTests.m */; };
		DC4AFCA41AE2DCA9000B2CC4 /* FRBJsonParser.m in Sources */ = {isa = PBXBuildFile; fileRef = DC4AFCA31AE2DCA9000B2CC4 /* FRBJsonParser.m */; };
		DC4AFCA71AE2DF57000B2CC4 /* FRBWord.m in Sources */ = {isa = PBXBuildFile; fileRef = DC4AFCA61AE2DF57000B2CC4 /* FRBWord.m */; };
/* End PBXBuildFile section */

/* Begin PBXContainerItemProxy section */
		DC4AFC931AE2DADC000B2CC4 /* PBXContainerItemProxy */ = {
			isa = PBXContainerItemProxy;
			containerPortal = DC4AFC711AE2DADB000B2CC4 /* Project object */;
			proxyType = 1;
			remoteGlobalIDString = DC4AFC781AE2DADB000B2CC4;
			remoteInfo = "furby-translator";
		};
/* End PBXContainerItemProxy section */

/* Begin PBXFileReference section */
		2438A1F5F2CCB1C6E30E6752 /* libPods-furby-translator.a */ = {isa = PBXFileReference; explicitFileType = archive.ar; includeInIndex = 0; path = "libPods-furby-translator.a"; sourceTree = BUILT_PRODUCTS_DIR; };
		81F287BAB9F0B557DBA80C77 /* Pods-furby-translator.release.xcconfig */ = {isa = PBXFileReference; includeInIndex = 1; lastKnownFileType = text.xcconfig; name = "Pods-furby-translator.release.xcconfig"; path = "Pods/Target Support Files/Pods-furby-translator/Pods-furby-translator.release.xcconfig"; sourceTree = "<group>"; };
		DC4AFC791AE2DADB000B2CC4 /* furby-translator.app */ = {isa = PBXFileReference; explicitFileType = wrapper.application; includeInIndex = 0; path = "furby-translator.app"; sourceTree = BUILT_PRODUCTS_DIR; };
		DC4AFC7D1AE2DADB000B2CC4 /* Info.plist */ = {isa = PBXFileReference; lastKnownFileType = text.plist.xml; path = Info.plist; sourceTree = "<group>"; };
		DC4AFC7E1AE2DADB000B2CC4 /* main.m */ = {isa = PBXFileReference; lastKnownFileType = sourcecode.c.objc; path = main.m; sourceTree = "<group>"; };
		DC4AFC801AE2DADB000B2CC4 /* FRBAppDelegate.h */ = {isa = PBXFileReference; lastKnownFileType = sourcecode.c.h; path = FRBAppDelegate.h; sourceTree = "<group>"; };
		DC4AFC811AE2DADC000B2CC4 /* FRBAppDelegate.m */ = {isa = PBXFileReference; lastKnownFileType = sourcecode.c.objc; path = FRBAppDelegate.m; sourceTree = "<group>"; };
		DC4AFC831AE2DADC000B2CC4 /* FRBViewController.h */ = {isa = PBXFileReference; lastKnownFileType = sourcecode.c.h; path = FRBViewController.h; sourceTree = "<group>"; };
		DC4AFC841AE2DADC000B2CC4 /* FRBViewController.m */ = {isa = PBXFileReference; lastKnownFileType = sourcecode.c.objc; path = FRBViewController.m; sourceTree = "<group>"; };
		DC4AFC871AE2DADC000B2CC4 /* Base */ = {isa = PBXFileReference; lastKnownFileType = file.storyboard; name = Base; path = Base.lproj/Main.storyboard; sourceTree = "<group>"; };
		DC4AFC891AE2DADC000B2CC4 /* Images.xcassets */ = {isa = PBXFileReference; lastKnownFileType = folder.assetcatalog; path = Images.xcassets; sourceTree = "<group>"; };
		DC4AFC8C1AE2DADC000B2CC4 /* Base */ = {isa = PBXFileReference; lastKnownFileType = file.xib; name = Base; path = Base.lproj/LaunchScreen.xib; sourceTree = "<group>"; };
		DC4AFC921AE2DADC000B2CC4 /* furby-translatorTests.xctest */ = {isa = PBXFileReference; explicitFileType = wrapper.cfbundle; includeInIndex = 0; path = "furby-translatorTests.xctest"; sourceTree = BUILT_PRODUCTS_DIR; };
		DC4AFC971AE2DADC000B2CC4 /* Info.plist */ = {isa = PBXFileReference; lastKnownFileType = text.plist.xml; path = Info.plist; sourceTree = "<group>"; };
		DC4AFC981AE2DADC000B2CC4 /* furby_translatorTests.m */ = {isa = PBXFileReference; lastKnownFileType = sourcecode.c.objc; path = furby_translatorTests.m; sourceTree = "<group>"; };
		DC4AFCA21AE2DCA9000B2CC4 /* FRBJsonParser.h */ = {isa = PBXFileReference; fileEncoding = 4; lastKnownFileType = sourcecode.c.h; path = FRBJsonParser.h; sourceTree = "<group>"; };
		DC4AFCA31AE2DCA9000B2CC4 /* FRBJsonParser.m */ = {isa = PBXFileReference; fileEncoding = 4; lastKnownFileType = sourcecode.c.objc; path = FRBJsonParser.m; sourceTree = "<group>"; };
		DC4AFCA51AE2DF57000B2CC4 /* FRBWord.h */ = {isa = PBXFileReference; fileEncoding = 4; lastKnownFileType = sourcecode.c.h; path = FRBWord.h; sourceTree = "<group>"; };
		DC4AFCA61AE2DF57000B2CC4 /* FRBWord.m */ = {isa = PBXFileReference; fileEncoding = 4; lastKnownFileType = sourcecode.c.objc; path = FRBWord.m; sourceTree = "<group>"; };
		E6B0D4FBB3408C63D090EE22 /* Pods-furby-translator.debug.xcconfig */ = {isa = PBXFileReference; includeInIndex = 1; lastKnownFileType = text.xcconfig; name = "Pods-furby-translator.debug.xcconfig"; path = "Pods/Target Support Files/Pods-furby-translator/Pods-furby-translator.debug.xcconfig"; sourceTree = "<group>"; };
/* End PBXFileReference section */

/* Begin PBXFrameworksBuildPhase section */
		DC4AFC761AE2DADB000B2CC4 /* Frameworks */ = {
			isa = PBXFrameworksBuildPhase;
			buildActionMask = 2147483647;
			files = (
				D0E6393E3401ED647FF8FC54 /* libPods-furby-translator.a in Frameworks */,
			);
			runOnlyForDeploymentPostprocessing = 0;
		};
		DC4AFC8F1AE2DADC000B2CC4 /* Frameworks */ = {
			isa = PBXFrameworksBuildPhase;
			buildActionMask = 2147483647;
			files = (
			);
			runOnlyForDeploymentPostprocessing = 0;
		};
/* End PBXFrameworksBuildPhase section */

/* Begin PBXGroup section */
		2C7DD6912706C50B1F8BC35E /* Frameworks */ = {
			isa = PBXGroup;
			children = (
				2438A1F5F2CCB1C6E30E6752 /* libPods-furby-translator.a */,
			);
			name = Frameworks;
			sourceTree = "<group>";
		};
		B20F28D07C59295F743C4055 /* Pods */ = {
			isa = PBXGroup;
			children = (
				E6B0D4FBB3408C63D090EE22 /* Pods-furby-translator.debug.xcconfig */,
				81F287BAB9F0B557DBA80C77 /* Pods-furby-translator.release.xcconfig */,
			);
			name = Pods;
			sourceTree = "<group>";
		};
		DC4AFC701AE2DADB000B2CC4 = {
			isa = PBXGroup;
			children = (
				DC4AFC7B1AE2DADB000B2CC4 /* furby-translator */,
				DC4AFC951AE2DADC000B2CC4 /* furby-translatorTests */,
				DC4AFC7A1AE2DADB000B2CC4 /* Products */,
				B20F28D07C59295F743C4055 /* Pods */,
				2C7DD6912706C50B1F8BC35E /* Frameworks */,
			);
			sourceTree = "<group>";
		};
		DC4AFC7A1AE2DADB000B2CC4 /* Products */ = {
			isa = PBXGroup;
			children = (
				DC4AFC791AE2DADB000B2CC4 /* furby-translator.app */,
				DC4AFC921AE2DADC000B2CC4 /* furby-translatorTests.xctest */,
			);
			name = Products;
			sourceTree = "<group>";
		};
		DC4AFC7B1AE2DADB000B2CC4 /* furby-translator */ = {
			isa = PBXGroup;
			children = (
				DC4AFC801AE2DADB000B2CC4 /* FRBAppDelegate.h */,
				DC4AFC811AE2DADC000B2CC4 /* FRBAppDelegate.m */,
				DC4AFC831AE2DADC000B2CC4 /* FRBViewController.h */,
				DC4AFC841AE2DADC000B2CC4 /* FRBViewController.m */,
				DC4AFCA21AE2DCA9000B2CC4 /* FRBJsonParser.h */,
				DC4AFCA31AE2DCA9000B2CC4 /* FRBJsonParser.m */,
				DC4AFCA51AE2DF57000B2CC4 /* FRBWord.h */,
				DC4AFCA61AE2DF57000B2CC4 /* FRBWord.m */,
				DC4AFC861AE2DADC000B2CC4 /* Main.storyboard */,
				DC4AFC891AE2DADC000B2CC4 /* Images.xcassets */,
				DC4AFC8B1AE2DADC000B2CC4 /* LaunchScreen.xib */,
				DC4AFC7C1AE2DADB000B2CC4 /* Supporting Files */,
			);
			path = "furby-translator";
			sourceTree = "<group>";
		};
		DC4AFC7C1AE2DADB000B2CC4 /* Supporting Files */ = {
			isa = PBXGroup;
			children = (
				DC4AFC7D1AE2DADB000B2CC4 /* Info.plist */,
				DC4AFC7E1AE2DADB000B2CC4 /* main.m */,
			);
			name = "Supporting Files";
			sourceTree = "<group>";
		};
		DC4AFC951AE2DADC000B2CC4 /* furby-translatorTests */ = {
			isa = PBXGroup;
			children = (
				DC4AFC981AE2DADC000B2CC4 /* furby_translatorTests.m */,
				DC4AFC961AE2DADC000B2CC4 /* Supporting Files */,
			);
			path = "furby-translatorTests";
			sourceTree = "<group>";
		};
		DC4AFC961AE2DADC000B2CC4 /* Supporting Files */ = {
			isa = PBXGroup;
			children = (
				DC4AFC971AE2DADC000B2CC4 /* Info.plist */,
			);
			name = "Supporting Files";
			sourceTree = "<group>";
		};
/* End PBXGroup section */

/* Begin PBXNativeTarget section */
		DC4AFC781AE2DADB000B2CC4 /* furby-translator */ = {
			isa = PBXNativeTarget;
			buildConfigurationList = DC4AFC9C1AE2DADC000B2CC4 /* Build configuration list for PBXNativeTarget "furby-translator" */;
			buildPhases = (
				7785E86E13D050265776FC4B /* Check Pods Manifest.lock */,
				DC4AFC751AE2DADB000B2CC4 /* Sources */,
				DC4AFC761AE2DADB000B2CC4 /* Frameworks */,
				DC4AFC771AE2DADB000B2CC4 /* Resources */,
				0ED0E4566E5A48BD9E5383AD /* Copy Pods Resources */,
			);
			buildRules = (
			);
			dependencies = (
			);
			name = "furby-translator";
			productName = "furby-translator";
			productReference = DC4AFC791AE2DADB000B2CC4 /* furby-translator.app */;
			productType = "com.apple.product-type.application";
		};
		DC4AFC911AE2DADC000B2CC4 /* furby-translatorTests */ = {
			isa = PBXNativeTarget;
			buildConfigurationList = DC4AFC9F1AE2DADC000B2CC4 /* Build configuration list for PBXNativeTarget "furby-translatorTests" */;
			buildPhases = (
				DC4AFC8E1AE2DADC000B2CC4 /* Sources */,
				DC4AFC8F1AE2DADC000B2CC4 /* Frameworks */,
				DC4AFC901AE2DADC000B2CC4 /* Resources */,
			);
			buildRules = (
			);
			dependencies = (
				DC4AFC941AE2DADC000B2CC4 /* PBXTargetDependency */,
			);
			name = "furby-translatorTests";
			productName = "furby-translatorTests";
			productReference = DC4AFC921AE2DADC000B2CC4 /* furby-translatorTests.xctest */;
			productType = "com.apple.product-type.bundle.unit-test";
		};
/* End PBXNativeTarget section */

/* Begin PBXProject section */
		DC4AFC711AE2DADB000B2CC4 /* Project object */ = {
			isa = PBXProject;
			attributes = {
				CLASSPREFIX = FRB;
				LastUpgradeCheck = 0610;
				ORGANIZATIONNAME = "Harlan Kellaway";
				TargetAttributes = {
					DC4AFC781AE2DADB000B2CC4 = {
						CreatedOnToolsVersion = 6.1.1;
					};
					DC4AFC911AE2DADC000B2CC4 = {
						CreatedOnToolsVersion = 6.1.1;
						TestTargetID = DC4AFC781AE2DADB000B2CC4;
					};
				};
			};
			buildConfigurationList = DC4AFC741AE2DADB000B2CC4 /* Build configuration list for PBXProject "furby-translator" */;
			compatibilityVersion = "Xcode 3.2";
			developmentRegion = English;
			hasScannedForEncodings = 0;
			knownRegions = (
				en,
				Base,
			);
			mainGroup = DC4AFC701AE2DADB000B2CC4;
			productRefGroup = DC4AFC7A1AE2DADB000B2CC4 /* Products */;
			projectDirPath = "";
			projectRoot = "";
			targets = (
				DC4AFC781AE2DADB000B2CC4 /* furby-translator */,
				DC4AFC911AE2DADC000B2CC4 /* furby-translatorTests */,
			);
		};
/* End PBXProject section */

/* Begin PBXResourcesBuildPhase section */
		DC4AFC771AE2DADB000B2CC4 /* Resources */ = {
			isa = PBXResourcesBuildPhase;
			buildActionMask = 2147483647;
			files = (
				DC4AFC881AE2DADC000B2CC4 /* Main.storyboard in Resources */,
				DC4AFC8D1AE2DADC000B2CC4 /* LaunchScreen.xib in Resources */,
				DC4AFC8A1AE2DADC000B2CC4 /* Images.xcassets in Resources */,
			);
			runOnlyForDeploymentPostprocessing = 0;
		};
		DC4AFC901AE2DADC000B2CC4 /* Resources */ = {
			isa = PBXResourcesBuildPhase;
			buildActionMask = 2147483647;
			files = (
			);
			runOnlyForDeploymentPostprocessing = 0;
		};
/* End PBXResourcesBuildPhase section */

/* Begin PBXShellScriptBuildPhase section */
		0ED0E4566E5A48BD9E5383AD /* Copy Pods Resources */ = {
			isa = PBXShellScriptBuildPhase;
			buildActionMask = 2147483647;
			files = (
			);
			inputPaths = (
			);
			name = "Copy Pods Resources";
			outputPaths = (
			);
			runOnlyForDeploymentPostprocessing = 0;
			shellPath = /bin/sh;
			shellScript = "\"${SRCROOT}/Pods/Target Support Files/Pods-furby-translator/Pods-furby-translator-resources.sh\"\n";
			showEnvVarsInLog = 0;
		};
		7785E86E13D050265776FC4B /* Check Pods Manifest.lock */ = {
			isa = PBXShellScriptBuildPhase;
			buildActionMask = 2147483647;
			files = (
			);
			inputPaths = (
			);
			name = "Check Pods Manifest.lock";
			outputPaths = (
			);
			runOnlyForDeploymentPostprocessing = 0;
			shellPath = /bin/sh;
			shellScript = "diff \"${PODS_ROOT}/../Podfile.lock\" \"${PODS_ROOT}/Manifest.lock\" > /dev/null\nif [[ $? != 0 ]] ; then\n    cat << EOM\nerror: The sandbox is not in sync with the Podfile.lock. Run 'pod install' or update your CocoaPods installation.\nEOM\n    exit 1\nfi\n";
			showEnvVarsInLog = 0;
		};
/* End PBXShellScriptBuildPhase section */

/* Begin PBXSourcesBuildPhase section */
		DC4AFC751AE2DADB000B2CC4 /* Sources */ = {
			isa = PBXSourcesBuildPhase;
			buildActionMask = 2147483647;
			files = (
				DC4AFC851AE2DADC000B2CC4 /* FRBViewController.m in Sources */,
				DC4AFC821AE2DADC000B2CC4 /* FRBAppDelegate.m in Sources */,
				DC4AFC7F1AE2DADB000B2CC4 /* main.m in Sources */,
				DC4AFCA41AE2DCA9000B2CC4 /* FRBJsonParser.m in Sources */,
				DC4AFCA71AE2DF57000B2CC4 /* FRBWord.m in Sources */,
			);
			runOnlyForDeploymentPostprocessing = 0;
		};
		DC4AFC8E1AE2DADC000B2CC4 /* Sources */ = {
			isa = PBXSourcesBuildPhase;
			buildActionMask = 2147483647;
			files = (
				DC4AFC991AE2DADC000B2CC4 /* furby_translatorTests.m in Sources */,
			);
			runOnlyForDeploymentPostprocessing = 0;
		};
/* End PBXSourcesBuildPhase section */

/* Begin PBXTargetDependency section */
		DC4AFC941AE2DADC000B2CC4 /* PBXTargetDependency */ = {
			isa = PBXTargetDependency;
			target = DC4AFC781AE2DADB000B2CC4 /* furby-translator */;
			targetProxy = DC4AFC931AE2DADC000B2CC4 /* PBXContainerItemProxy */;
		};
/* End PBXTargetDependency section */

/* Begin PBXVariantGroup section */
		DC4AFC861AE2DADC000B2CC4 /* Main.storyboard */ = {
			isa = PBXVariantGroup;
			children = (
				DC4AFC871AE2DADC000B2CC4 /* Base */,
			);
			name = Main.storyboard;
			sourceTree = "<group>";
		};
		DC4AFC8B1AE2DADC000B2CC4 /* LaunchScreen.xib */ = {
			isa = PBXVariantGroup;
			children = (
				DC4AFC8C1AE2DADC000B2CC4 /* Base */,
			);
			name = LaunchScreen.xib;
			sourceTree = "<group>";
		};
/* End PBXVariantGroup section */

/* Begin XCBuildConfiguration section */
		DC4AFC9A1AE2DADC000B2CC4 /* Debug */ = {
			isa = XCBuildConfiguration;
			buildSettings = {
				ALWAYS_SEARCH_USER_PATHS = NO;
				CLANG_CXX_LANGUAGE_STANDARD = "gnu++0x";
				CLANG_CXX_LIBRARY = "libc++";
				CLANG_ENABLE_MODULES = YES;
				CLANG_ENABLE_OBJC_ARC = YES;
				CLANG_WARN_BOOL_CONVERSION = YES;
				CLANG_WARN_CONSTANT_CONVERSION = YES;
				CLANG_WARN_DIRECT_OBJC_ISA_USAGE = YES_ERROR;
				CLANG_WARN_EMPTY_BODY = YES;
				CLANG_WARN_ENUM_CONVERSION = YES;
				CLANG_WARN_INT_CONVERSION = YES;
				CLANG_WARN_OBJC_ROOT_CLASS = YES_ERROR;
				CLANG_WARN_UNREACHABLE_CODE = YES;
				CLANG_WARN__DUPLICATE_METHOD_MATCH = YES;
				"CODE_SIGN_IDENTITY[sdk=iphoneos*]" = "iPhone Developer";
				COPY_PHASE_STRIP = NO;
				ENABLE_STRICT_OBJC_MSGSEND = YES;
				GCC_C_LANGUAGE_STANDARD = gnu99;
				GCC_DYNAMIC_NO_PIC = NO;
				GCC_OPTIMIZATION_LEVEL = 0;
				GCC_PREPROCESSOR_DEFINITIONS = (
					"DEBUG=1",
					"$(inherited)",
				);
				GCC_SYMBOLS_PRIVATE_EXTERN = NO;
				GCC_WARN_64_TO_32_BIT_CONVERSION = YES;
				GCC_WARN_ABOUT_RETURN_TYPE = YES_ERROR;
				GCC_WARN_UNDECLARED_SELECTOR = YES;
				GCC_WARN_UNINITIALIZED_AUTOS = YES_AGGRESSIVE;
				GCC_WARN_UNUSED_FUNCTION = YES;
				GCC_WARN_UNUSED_VARIABLE = YES;
				IPHONEOS_DEPLOYMENT_TARGET = 8.1;
				MTL_ENABLE_DEBUG_INFO = YES;
				ONLY_ACTIVE_ARCH = YES;
				SDKROOT = iphoneos;
				TARGETED_DEVICE_FAMILY = "1,2";
			};
			name = Debug;
		};
		DC4AFC9B1AE2DADC000B2CC4 /* Release */ = {
			isa = XCBuildConfiguration;
			buildSettings = {
				ALWAYS_SEARCH_USER_PATHS = NO;
				CLANG_CXX_LANGUAGE_STANDARD = "gnu++0x";
				CLANG_CXX_LIBRARY = "libc++";
				CLANG_ENABLE_MODULES = YES;
				CLANG_ENABLE_OBJC_ARC = YES;
				CLANG_WARN_BOOL_CONVERSION = YES;
				CLANG_WARN_CONSTANT_CONVERSION = YES;
				CLANG_WARN_DIRECT_OBJC_ISA_USAGE = YES_ERROR;
				CLANG_WARN_EMPTY_BODY = YES;
				CLANG_WARN_ENUM_CONVERSION = YES;
				CLANG_WARN_INT_CONVERSION = YES;
				CLANG_WARN_OBJC_ROOT_CLASS = YES_ERROR;
				CLANG_WARN_UNREACHABLE_CODE = YES;
				CLANG_WARN__DUPLICATE_METHOD_MATCH = YES;
				"CODE_SIGN_IDENTITY[sdk=iphoneos*]" = "iPhone Developer";
				COPY_PHASE_STRIP = YES;
				ENABLE_NS_ASSERTIONS = NO;
				ENABLE_STRICT_OBJC_MSGSEND = YES;
				GCC_C_LANGUAGE_STANDARD = gnu99;
				GCC_WARN_64_TO_32_BIT_CONVERSION = YES;
				GCC_WARN_ABOUT_RETURN_TYPE = YES_ERROR;
				GCC_WARN_UNDECLARED_SELECTOR = YES;
				GCC_WARN_UNINITIALIZED_AUTOS = YES_AGGRESSIVE;
				GCC_WARN_UNUSED_FUNCTION = YES;
				GCC_WARN_UNUSED_VARIABLE = YES;
				IPHONEOS_DEPLOYMENT_TARGET = 8.1;
				MTL_ENABLE_DEBUG_INFO = NO;
				SDKROOT = iphoneos;
				TARGETED_DEVICE_FAMILY = "1,2";
				VALIDATE_PRODUCT = YES;
			};
			name = Release;
		};
		DC4AFC9D1AE2DADC000B2CC4 /* Debug */ = {
			isa = XCBuildConfiguration;
			baseConfigurationReference = E6B0D4FBB3408C63D090EE22 /* Pods-furby-translator.debug.xcconfig */;
			buildSettings = {
				ASSETCATALOG_COMPILER_APPICON_NAME = AppIcon;
				INFOPLIST_FILE = "furby-translator/Info.plist";
				LD_RUNPATH_SEARCH_PATHS = "$(inherited) @executable_path/Frameworks";
				PRODUCT_NAME = "$(TARGET_NAME)";
			};
			name = Debug;
		};
		DC4AFC9E1AE2DADC000B2CC4 /* Release */ = {
			isa = XCBuildConfiguration;
			baseConfigurationReference = 81F287BAB9F0B557DBA80C77 /* Pods-furby-translator.release.xcconfig */;
			buildSettings = {
				ASSETCATALOG_COMPILER_APPICON_NAME = AppIcon;
				INFOPLIST_FILE = "furby-translator/Info.plist";
				LD_RUNPATH_SEARCH_PATHS = "$(inherited) @executable_path/Frameworks";
				PRODUCT_NAME = "$(TARGET_NAME)";
			};
			name = Release;
		};
		DC4AFCA01AE2DADC000B2CC4 /* Debug */ = {
			isa = XCBuildConfiguration;
			buildSettings = {
				BUNDLE_LOADER = "$(TEST_HOST)";
				FRAMEWORK_SEARCH_PATHS = (
					"$(SDKROOT)/Developer/Library/Frameworks",
					"$(inherited)",
				);
				GCC_PREPROCESSOR_DEFINITIONS = (
					"DEBUG=1",
					"$(inherited)",
				);
				INFOPLIST_FILE = "furby-translatorTests/Info.plist";
				LD_RUNPATH_SEARCH_PATHS = "$(inherited) @executable_path/Frameworks @loader_path/Frameworks";
				PRODUCT_NAME = "$(TARGET_NAME)";
				TEST_HOST = "$(BUILT_PRODUCTS_DIR)/furby-translator.app/furby-translator";
			};
			name = Debug;
		};
		DC4AFCA11AE2DADC000B2CC4 /* Release */ = {
			isa = XCBuildConfiguration;
			buildSettings = {
				BUNDLE_LOADER = "$(TEST_HOST)";
				FRAMEWORK_SEARCH_PATHS = (
					"$(SDKROOT)/Developer/Library/Frameworks",
					"$(inherited)",
				);
				INFOPLIST_FILE = "furby-translatorTests/Info.plist";
				LD_RUNPATH_SEARCH_PATHS = "$(inherited) @executable_path/Frameworks @loader_path/Frameworks";
				PRODUCT_NAME = "$(TARGET_NAME)";
				TEST_HOST = "$(BUILT_PRODUCTS_DIR)/furby-translator.app/furby-translator";
			};
			name = Release;
		};
/* End XCBuildConfiguration section */

/* Begin XCConfigurationList section */
		DC4AFC741AE2DADB000B2CC4 /* Build configuration list for PBXProject "furby-translator" */ = {
			isa = XCConfigurationList;
			buildConfigurations = (
				DC4AFC9A1AE2DADC000B2CC4 /* Debug */,
				DC4AFC9B1AE2DADC000B2CC4 /* Release */,
			);
			defaultConfigurationIsVisible = 0;
			defaultConfigurationName = Release;
		};
		DC4AFC9C1AE2DADC000B2CC4 /* Build configuration list for PBXNativeTarget "furby-translator" */ = {
			isa = XCConfigurationList;
			buildConfigurations = (
				DC4AFC9D1AE2DADC000B2CC4 /* Debug */,
				DC4AFC9E1AE2DADC000B2CC4 /* Release */,
			);
			defaultConfigurationIsVisible = 0;
			defaultConfigurationName = Release;
		};
		DC4AFC9F1AE2DADC000B2CC4 /* Build configuration list for PBXNativeTarget "furby-translatorTests" */ = {
			isa = XCConfigurationList;
			buildConfigurations = (
				DC4AFCA01AE2DADC000B2CC4 /* Debug */,
				DC4AFCA11AE2DADC000B2CC4 /* Release */,
			);
			defaultConfigurationIsVisible = 0;
			defaultConfigurationName = Release;
		};
/* End XCConfigurationList section */
	};
	rootObject = DC4AFC711AE2DADB000B2CC4 /* Project object */;
}
